
Microsoft Visual Studio Solution File, Format Version 12.00
# Visual Studio 2015
Project("{FAE04EC0-301F-11D3-BF4B-00C04F79EFBC}") = "ZGP_Commando_Game.CSharp", "ZGP_Commando_Game.CSharp.csproj", "{A6196E7C-81FB-9758-15DB-E51FA8EA3E39}"
EndProject
Project("{FAE04EC0-301F-11D3-BF4B-00C04F79EFBC}") = "ZGP_Commando_Game.CSharp.Editor", "ZGP_Commando_Game.CSharp.Editor.csproj", "{38A876FB-1A40-379C-2B89-9E9D3087B15D}"
EndProject
Global
	GlobalSection(SolutionConfigurationPlatforms) = preSolution
		Debug|Any CPU = Debug|Any CPU
		Release|Any CPU = Release|Any CPU
	EndGlobalSection
	GlobalSection(ProjectConfigurationPlatforms) = postSolution
		{A6196E7C-81FB-9758-15DB-E51FA8EA3E39}.Debug|Any CPU.ActiveCfg = Debug|Any CPU
		{A6196E7C-81FB-9758-15DB-E51FA8EA3E39}.Debug|Any CPU.Build.0 = Debug|Any CPU
		{A6196E7C-81FB-9758-15DB-E51FA8EA3E39}.Release|Any CPU.ActiveCfg = Release|Any CPU
		{A6196E7C-81FB-9758-15DB-E51FA8EA3E39}.Release|Any CPU.Build.0 = Release|Any CPU
		{38A876FB-1A40-379C-2B89-9E9D3087B15D}.Debug|Any CPU.ActiveCfg = Debug|Any CPU
		{38A876FB-1A40-379C-2B89-9E9D3087B15D}.Debug|Any CPU.Build.0 = Debug|Any CPU
		{38A876FB-1A40-379C-2B89-9E9D3087B15D}.Release|Any CPU.ActiveCfg = Release|Any CPU
		{38A876FB-1A40-379C-2B89-9E9D3087B15D}.Release|Any CPU.Build.0 = Release|Any CPU
	EndGlobalSection
	GlobalSection(SolutionProperties) = preSolution
		HideSolutionNode = FALSE
	EndGlobalSection
EndGlobal
